
Microsoft Visual Studio Solution File, Format Version 12.00
# Visual Studio 15
VisualStudioVersion = 15.0.27130.2027
MinimumVisualStudioVersion = 10.0.40219.1
Project("{FAE04EC0-301F-11D3-BF4B-00C04F79EFBC}") = "router", "router\router.csproj", "{76C99692-8B8A-404A-94C6-16545C696206}"
EndProject
Global
	GlobalSection(SolutionConfigurationPlatforms) = preSolution
		Debug|Any CPU = Debug|Any CPU
		Release|Any CPU = Release|Any CPU
	EndGlobalSection
	GlobalSection(ProjectConfigurationPlatforms) = postSolution
		{76C99692-8B8A-404A-94C6-16545C696206}.Debug|Any CPU.ActiveCfg = Debug|Any CPU
		{76C99692-8B8A-404A-94C6-16545C696206}.Debug|Any CPU.Build.0 = Debug|Any CPU
		{76C99692-8B8A-404A-94C6-16545C696206}.Release|Any CPU.ActiveCfg = Release|Any CPU
		{76C99692-8B8A-404A-94C6-16545C696206}.Release|Any CPU.Build.0 = Release|Any CPU
	EndGlobalSection
	GlobalSection(SolutionProperties) = preSolution
		HideSolutionNode = FALSE
	EndGlobalSection
	GlobalSection(ExtensibilityGlobals) = postSolution
		SolutionGuid = {F3B049DD-EEC6-4E1D-A32D-85ABFA52EBD7}
	EndGlobalSection
EndGlobal
